// !$*UTF8*$!
{
	archiveVersion = 1;
	classes = {
	};
	objectVersion = 56;
	objects = {

/* Begin PBXBuildFile section */
		679541AA29B2F6A200DCDFAC /* main.cpp in Sources */ = {isa = PBXBuildFile; fileRef = 679541A929B2F6A200DCDFAC /* main.cpp */; };
		679541B229B2FA8D00DCDFAC /* marching_cubes.cpp in Sources */ = {isa = PBXBuildFile; fileRef = 679541B029B2FA8D00DCDFAC /* marching_cubes.cpp */; };
		679541B529B2FAE200DCDFAC /* ioVTK.cpp in Sources */ = {isa = PBXBuildFile; fileRef = 679541B329B2FAE200DCDFAC /* ioVTK.cpp */; };
/* End PBXBuildFile section */

/* Begin PBXCopyFilesBuildPhase section */
		679541A429B2F6A200DCDFAC /* CopyFiles */ = {
			isa = PBXCopyFilesBuildPhase;
			buildActionMask = 2147483647;
			dstPath = /usr/share/man/man1/;
			dstSubfolderSpec = 0;
			files = (
			);
			runOnlyForDeploymentPostprocessing = 1;
		};
/* End PBXCopyFilesBuildPhase section */

/* Begin PBXFileReference section */
		679541A629B2F6A200DCDFAC /* marchining_cubes */ = {isa = PBXFileReference; explicitFileType = "compiled.mach-o.executable"; includeInIndex = 0; path = marchining_cubes; sourceTree = BUILT_PRODUCTS_DIR; };
		679541A929B2F6A200DCDFAC /* main.cpp */ = {isa = PBXFileReference; lastKnownFileType = sourcecode.cpp.cpp; path = main.cpp; sourceTree = "<group>"; };
		679541B029B2FA8D00DCDFAC /* marching_cubes.cpp */ = {isa = PBXFileReference; lastKnownFileType = sourcecode.cpp.cpp; path = marching_cubes.cpp; sourceTree = "<group>"; };
		679541B129B2FA8D00DCDFAC /* marching_cubes.hpp */ = {isa = PBXFileReference; lastKnownFileType = sourcecode.cpp.h; path = marching_cubes.hpp; sourceTree = "<group>"; };
		679541B329B2FAE200DCDFAC /* ioVTK.cpp */ = {isa = PBXFileReference; lastKnownFileType = sourcecode.cpp.cpp; path = ioVTK.cpp; sourceTree = "<group>"; };
		679541B429B2FAE200DCDFAC /* ioVTK.hpp */ = {isa = PBXFileReference; lastKnownFileType = sourcecode.cpp.h; path = ioVTK.hpp; sourceTree = "<group>"; };
/* End PBXFileReference section */

/* Begin PBXFrameworksBuildPhase section */
		679541A329B2F6A200DCDFAC /* Frameworks */ = {
			isa = PBXFrameworksBuildPhase;
			buildActionMask = 2147483647;
			files = (
			);
			runOnlyForDeploymentPostprocessing = 0;
		};
/* End PBXFrameworksBuildPhase section */

/* Begin PBXGroup section */
		6795419D29B2F6A200DCDFAC = {
			isa = PBXGroup;
			children = (
				679541A829B2F6A200DCDFAC /* marchining_cubes */,
				679541A729B2F6A200DCDFAC /* Products */,
			);
			sourceTree = "<group>";
		};
		679541A729B2F6A200DCDFAC /* Products */ = {
			isa = PBXGroup;
			children = (
				679541A629B2F6A200DCDFAC /* marchining_cubes */,
			);
			name = Products;
			sourceTree = "<group>";
		};
		679541A829B2F6A200DCDFAC /* marchining_cubes */ = {
			isa = PBXGroup;
			children = (
				679541A929B2F6A200DCDFAC /* main.cpp */,
				679541B029B2FA8D00DCDFAC /* marching_cubes.cpp */,
				679541B129B2FA8D00DCDFAC /* marching_cubes.hpp */,
				679541B329B2FAE200DCDFAC /* ioVTK.cpp */,
				679541B429B2FAE200DCDFAC /* ioVTK.hpp */,
			);
			path = marchining_cubes;
			sourceTree = "<group>";
		};
/* End PBXGroup section */

/* Begin PBXNativeTarget section */
		679541A529B2F6A200DCDFAC /* marchining_cubes */ = {
			isa = PBXNativeTarget;
			buildConfigurationList = 679541AD29B2F6A200DCDFAC /* Build configuration list for PBXNativeTarget "marchining_cubes" */;
			buildPhases = (
				679541A229B2F6A200DCDFAC /* Sources */,
				679541A329B2F6A200DCDFAC /* Frameworks */,
				679541A429B2F6A200DCDFAC /* CopyFiles */,
			);
			buildRules = (
			);
			dependencies = (
			);
			name = marchining_cubes;
			productName = marchining_cubes;
			productReference = 679541A629B2F6A200DCDFAC /* marchining_cubes */;
			productType = "com.apple.product-type.tool";
		};
/* End PBXNativeTarget section */

/* Begin PBXProject section */
		6795419E29B2F6A200DCDFAC /* Project object */ = {
			isa = PBXProject;
			attributes = {
				BuildIndependentTargetsInParallel = 1;
				LastUpgradeCheck = 1420;
				TargetAttributes = {
					679541A529B2F6A200DCDFAC = {
						CreatedOnToolsVersion = 14.2;
					};
				};
			};
			buildConfigurationList = 679541A129B2F6A200DCDFAC /* Build configuration list for PBXProject "marchining_cubes" */;
			compatibilityVersion = "Xcode 14.0";
			developmentRegion = en;
			hasScannedForEncodings = 0;
			knownRegions = (
				en,
				Base,
			);
			mainGroup = 6795419D29B2F6A200DCDFAC;
			productRefGroup = 679541A729B2F6A200DCDFAC /* Products */;
			projectDirPath = "";
			projectRoot = "";
			targets = (
				679541A529B2F6A200DCDFAC /* marchining_cubes */,
			);
		};
/* End PBXProject section */

/* Begin PBXSourcesBuildPhase section */
		679541A229B2F6A200DCDFAC /* Sources */ = {
			isa = PBXSourcesBuildPhase;
			buildActionMask = 2147483647;
			files = (
				679541AA29B2F6A200DCDFAC /* main.cpp in Sources */,
				679541B229B2FA8D00DCDFAC /* marching_cubes.cpp in Sources */,
				679541B529B2FAE200DCDFAC /* ioVTK.cpp in Sources */,
			);
			runOnlyForDeploymentPostprocessing = 0;
		};
/* End PBXSourcesBuildPhase section */

/* Begin XCBuildConfiguration section */
		679541AB29B2F6A200DCDFAC /* Debug */ = {
			isa = XCBuildConfiguration;
			buildSettings = {
				ALWAYS_SEARCH_USER_PATHS = NO;
				CLANG_ANALYZER_NONNULL = YES;
				CLANG_ANALYZER_NUMBER_OBJECT_CONVERSION = YES_AGGRESSIVE;
				CLANG_CXX_LANGUAGE_STANDARD = "c++20";
				CLANG_ENABLE_MODULES = YES;
				CLANG_ENABLE_OBJC_ARC = YES;
				CLANG_ENABLE_OBJC_WEAK = YES;
				CLANG_WARN_BLOCK_CAPTURE_AUTORELEASING = YES;
				CLANG_WARN_BOOL_CONVERSION = YES;
				CLANG_WARN_COMMA = YES;
				CLANG_WARN_CONSTANT_CONVERSION = YES;
				CLANG_WARN_DEPRECATED_OBJC_IMPLEMENTATIONS = YES;
				CLANG_WARN_DIRECT_OBJC_ISA_USAGE = YES_ERROR;
				CLANG_WARN_DOCUMENTATION_COMMENTS = YES;
				CLANG_WARN_EMPTY_BODY = YES;
				CLANG_WARN_ENUM_CONVERSION = YES;
				CLANG_WARN_INFINITE_RECURSION = YES;
				CLANG_WARN_INT_CONVERSION = YES;
				CLANG_WARN_NON_LITERAL_NULL_CONVERSION = YES;
				CLANG_WARN_OBJC_IMPLICIT_RETAIN_SELF = YES;
				CLANG_WARN_OBJC_LITERAL_CONVERSION = YES;
				CLANG_WARN_OBJC_ROOT_CLASS = YES_ERROR;
				CLANG_WARN_QUOTED_INCLUDE_IN_FRAMEWORK_HEADER = YES;
				CLANG_WARN_RANGE_LOOP_ANALYSIS = YES;
				CLANG_WARN_STRICT_PROTOTYPES = YES;
				CLANG_WARN_SUSPICIOUS_MOVE = YES;
				CLANG_WARN_UNGUARDED_AVAILABILITY = YES_AGGRESSIVE;
				CLANG_WARN_UNREACHABLE_CODE = YES;
				CLANG_WARN__DUPLICATE_METHOD_MATCH = YES;
				COPY_PHASE_STRIP = NO;
				DEBUG_INFORMATION_FORMAT = dwarf;
				ENABLE_STRICT_OBJC_MSGSEND = YES;
				ENABLE_TESTABILITY = YES;
				GCC_C_LANGUAGE_STANDARD = gnu11;
				GCC_DYNAMIC_NO_PIC = NO;
				GCC_NO_COMMON_BLOCKS = YES;
				GCC_OPTIMIZATION_LEVEL = 0;
				GCC_PREPROCESSOR_DEFINITIONS = (
					"DEBUG=1",
					"$(inherited)",
				);
				GCC_WARN_64_TO_32_BIT_CONVERSION = YES;
				GCC_WARN_ABOUT_RETURN_TYPE = YES_ERROR;
				GCC_WARN_UNDECLARED_SELECTOR = YES;
				GCC_WARN_UNINITIALIZED_AUTOS = YES_AGGRESSIVE;
				GCC_WARN_UNUSED_FUNCTION = YES;
				GCC_WARN_UNUSED_VARIABLE = YES;
				HEADER_SEARCH_PATHS = "\"$(SRCROOT)/../../library/eigen-3.4.0\"";
				MACOSX_DEPLOYMENT_TARGET = 13.1;
				MTL_ENABLE_DEBUG_INFO = INCLUDE_SOURCE;
				MTL_FAST_MATH = YES;
				ONLY_ACTIVE_ARCH = YES;
				SDKROOT = macosx;
			};
			name = Debug;
		};
		679541AC29B2F6A200DCDFAC /* Release */ = {
			isa = XCBuildConfiguration;
			buildSettings = {
				ALWAYS_SEARCH_USER_PATHS = NO;
				CLANG_ANALYZER_NONNULL = YES;
				CLANG_ANALYZER_NUMBER_OBJECT_CONVERSION = YES_AGGRESSIVE;
				CLANG_CXX_LANGUAGE_STANDARD = "c++20";
				CLANG_ENABLE_MODULES = YES;
				CLANG_ENABLE_OBJC_ARC = YES;
				CLANG_ENABLE_OBJC_WEAK = YES;
				CLANG_WARN_BLOCK_CAPTURE_AUTORELEASING = YES;
				CLANG_WARN_BOOL_CONVERSION = YES;
				CLANG_WARN_COMMA = YES;
				CLANG_WARN_CONSTANT_CONVERSION = YES;
				CLANG_WARN_DEPRECATED_OBJC_IMPLEMENTATIONS = YES;
				CLANG_WARN_DIRECT_OBJC_ISA_USAGE = YES_ERROR;
				CLANG_WARN_DOCUMENTATION_COMMENTS = YES;
				CLANG_WARN_EMPTY_BODY = YES;
				CLANG_WARN_ENUM_CONVERSION = YES;
				CLANG_WARN_INFINITE_RECURSION = YES;
				CLANG_WARN_INT_CONVERSION = YES;
				CLANG_WARN_NON_LITERAL_NULL_CONVERSION = YES;
				CLANG_WARN_OBJC_IMPLICIT_RETAIN_SELF = YES;
				CLANG_WARN_OBJC_LITERAL_CONVERSION = YES;
				CLANG_WARN_OBJC_ROOT_CLASS = YES_ERROR;
				CLANG_WARN_QUOTED_INCLUDE_IN_FRAMEWORK_HEADER = YES;
				CLANG_WARN_RANGE_LOOP_ANALYSIS = YES;
				CLANG_WARN_STRICT_PROTOTYPES = YES;
				CLANG_WARN_SUSPICIOUS_MOVE = YES;
				CLANG_WARN_UNGUARDED_AVAILABILITY = YES_AGGRESSIVE;
				CLANG_WARN_UNREACHABLE_CODE = YES;
				CLANG_WARN__DUPLICATE_METHOD_MATCH = YES;
				COPY_PHASE_STRIP = NO;
				DEBUG_INFORMATION_FORMAT = "dwarf-with-dsym";
				ENABLE_NS_ASSERTIONS = NO;
				ENABLE_STRICT_OBJC_MSGSEND = YES;
				GCC_C_LANGUAGE_STANDARD = gnu11;
				GCC_NO_COMMON_BLOCKS = YES;
				GCC_WARN_64_TO_32_BIT_CONVERSION = YES;
				GCC_WARN_ABOUT_RETURN_TYPE = YES_ERROR;
				GCC_WARN_UNDECLARED_SELECTOR = YES;
				GCC_WARN_UNINITIALIZED_AUTOS = YES_AGGRESSIVE;
				GCC_WARN_UNUSED_FUNCTION = YES;
				GCC_WARN_UNUSED_VARIABLE = YES;
				HEADER_SEARCH_PATHS = "\"$(SRCROOT)/../../library/eigen-3.4.0\"";
				MACOSX_DEPLOYMENT_TARGET = 13.1;
				MTL_ENABLE_DEBUG_INFO = NO;
				MTL_FAST_MATH = YES;
				SDKROOT = macosx;
			};
			name = Release;
		};
		679541AE29B2F6A200DCDFAC /* Debug */ = {
			isa = XCBuildConfiguration;
			buildSettings = {
				CODE_SIGN_STYLE = Automatic;
				DEVELOPMENT_TEAM = UHN7NN92K6;
				ENABLE_HARDENED_RUNTIME = YES;
				PRODUCT_NAME = "$(TARGET_NAME)";
			};
			name = Debug;
		};
		679541AF29B2F6A200DCDFAC /* Release */ = {
			isa = XCBuildConfiguration;
			buildSettings = {
				CODE_SIGN_STYLE = Automatic;
				DEVELOPMENT_TEAM = UHN7NN92K6;
				ENABLE_HARDENED_RUNTIME = YES;
				PRODUCT_NAME = "$(TARGET_NAME)";
			};
			name = Release;
		};
/* End XCBuildConfiguration section */

/* Begin XCConfigurationList section */
		679541A129B2F6A200DCDFAC /* Build configuration list for PBXProject "marchining_cubes" */ = {
			isa = XCConfigurationList;
			buildConfigurations = (
				679541AB29B2F6A200DCDFAC /* Debug */,
				679541AC29B2F6A200DCDFAC /* Release */,
			);
			defaultConfigurationIsVisible = 0;
			defaultConfigurationName = Release;
		};
		679541AD29B2F6A200DCDFAC /* Build configuration list for PBXNativeTarget "marchining_cubes" */ = {
			isa = XCConfigurationList;
			buildConfigurations = (
				679541AE29B2F6A200DCDFAC /* Debug */,
				679541AF29B2F6A200DCDFAC /* Release */,
			);
			defaultConfigurationIsVisible = 0;
			defaultConfigurationName = Release;
		};
/* End XCConfigurationList section */
	};
	rootObject = 6795419E29B2F6A200DCDFAC /* Project object */;
}
